{
  "name": "example",
  "requires": true,
  "lockfileVersion": 1,
  "dependencies": {
    "ikon": {
      "version": "file:..",
      "dev": true,
      "requires": {
        "fs-extra": "~9.0.1",
        "meow": "~7.1.0",
        "pify": "~5.0.0",
        "rc": "~1.2.8",
        "webfonts-generator": "~0.4.0"
      },
      "dependencies": {
        "@babel/code-frame": {
          "version": "7.0.0",
          "resolved": false,
          "requires": {
            "@babel/highlight": "^7.0.0"
          }
        },
        "@babel/highlight": {
          "version": "7.0.0",
          "resolved": false,
          "requires": {
            "chalk": "^2.0.0",
            "esutils": "^2.0.2",
            "js-tokens": "^4.0.0"
          }
        },
        "abbrev": {
          "version": "1.1.1",
          "resolved": false,
          "dev": true
        },
        "acorn": {
          "version": "6.0.4",
          "resolved": false
        },
        "acorn-jsx": {
          "version": "5.0.0",
          "resolved": false
        },
        "ajv": {
          "version": "6.5.5",
          "resolved": false,
          "requires": {
            "fast-deep-equal": "^2.0.1",
            "fast-json-stable-stringify": "^2.0.0",
            "json-schema-traverse": "^0.4.1",
            "uri-js": "^4.2.2"
          }
        },
        "ansi-escapes": {
          "version": "3.1.0",
          "resolved": false
        },
        "ansi-regex": {
          "version": "2.1.1",
          "resolved": false,
          "dev": true
        },
        "ansi-styles": {
          "version": "3.2.1",
          "resolved": false,
          "requires": {
            "color-convert": "^1.9.0"
          }
        },
        "aproba": {
          "version": "1.2.0",
          "resolved": false,
          "dev": true
        },
        "are-we-there-yet": {
          "version": "1.1.5",
          "resolved": false,
          "dev": true,
          "requires": {
            "delegates": "^1.0.0",
            "readable-stream": "^2.0.6"
          }
        },
        "argparse": {
          "version": "1.0.10",
          "resolved": false,
          "requires": {
            "sprintf-js": "~1.0.2"
          }
        },
        "array-find-index": {
          "version": "1.0.2",
          "resolved": false,
          "dev": true
        },
        "arrify": {
          "version": "1.0.1",
          "resolved": false,
          "dev": true
        },
        "asn1": {
          "version": "0.2.4",
          "resolved": false,
          "dev": true,
          "requires": {
            "safer-buffer": "~2.1.0"
          }
        },
        "assert-plus": {
          "version": "1.0.0",
          "resolved": false,
          "dev": true
        },
        "async": {
          "version": "2.6.1",
          "resolved": false,
          "dev": true,
          "requires": {
            "lodash": "^4.17.10"
          }
        },
        "asynckit": {
          "version": "0.4.0",
          "resolved": false,
          "dev": true
        },
        "aws-sign2": {
          "version": "0.7.0",
          "resolved": false,
          "dev": true
        },
        "aws4": {
          "version": "1.8.0",
          "resolved": false,
          "dev": true
        },
        "balanced-match": {
          "version": "1.0.0",
          "resolved": false
        },
        "bcrypt-pbkdf": {
          "version": "1.0.2",
          "resolved": false,
          "dev": true,
          "requires": {
            "tweetnacl": "^0.14.3"
          }
        },
        "bindings": {
          "version": "1.3.0",
          "resolved": false,
          "dev": true
        },
        "block-stream": {
          "version": "0.0.9",
          "resolved": false,
          "dev": true,
          "requires": {
            "inherits": "~2.0.0"
          }
        },
        "brace-expansion": {
          "version": "1.1.11",
          "resolved": false,
          "requires": {
            "balanced-match": "^1.0.0",
            "concat-map": "0.0.1"
          }
        },
        "bufferstreams": {
          "version": "1.1.3",
          "resolved": false,
          "dev": true,
          "requires": {
            "readable-stream": "^2.0.2"
          }
        },
        "builtin-modules": {
          "version": "1.1.1",
          "resolved": false,
          "dev": true
        },
        "caller-path": {
          "version": "0.1.0",
          "resolved": false,
          "requires": {
            "callsites": "^0.2.0"
          }
        },
        "callsites": {
          "version": "0.2.0",
          "resolved": false
        },
        "camelcase": {
          "version": "4.1.0",
          "resolved": false,
          "dev": true
        },
        "camelcase-keys": {
          "version": "4.2.0",
          "resolved": false,
          "dev": true,
          "requires": {
            "camelcase": "^4.1.0",
            "map-obj": "^2.0.0",
            "quick-lru": "^1.0.0"
          }
        },
        "caseless": {
          "version": "0.12.0",
          "resolved": false,
          "dev": true
        },
        "chalk": {
          "version": "2.4.1",
          "resolved": false,
          "requires": {
            "ansi-styles": "^3.2.1",
            "escape-string-regexp": "^1.0.5",
            "supports-color": "^5.3.0"
          }
        },
        "chardet": {
          "version": "0.7.0",
          "resolved": false
        },
        "circular-json": {
          "version": "0.3.3",
          "resolved": false
        },
        "cli-cursor": {
          "version": "2.1.0",
          "resolved": false,
          "requires": {
            "restore-cursor": "^2.0.0"
          }
        },
        "cli-width": {
          "version": "2.2.0",
          "resolved": false
        },
        "code-point-at": {
          "version": "1.1.0",
          "resolved": false,
          "dev": true
        },
        "color-convert": {
          "version": "1.9.3",
          "resolved": false,
          "requires": {
            "color-name": "1.1.3"
          }
        },
        "color-name": {
          "version": "1.1.3",
          "resolved": false
        },
        "combined-stream": {
          "version": "1.0.7",
          "resolved": false,
          "dev": true,
          "requires": {
            "delayed-stream": "~1.0.0"
          }
        },
        "commander": {
          "version": "2.17.1",
          "resolved": false,
          "dev": true
        },
        "concat-map": {
          "version": "0.0.1",
          "resolved": false
        },
        "console-control-strings": {
          "version": "1.1.0",
          "resolved": false,
          "dev": true
        },
        "core-util-is": {
          "version": "1.0.2",
          "resolved": false,
          "dev": true
        },
        "cross-spawn": {
          "version": "6.0.5",
          "resolved": false,
          "requires": {
            "nice-try": "^1.0.4",
            "path-key": "^2.0.1",
            "semver": "^5.5.0",
            "shebang-command": "^1.2.0",
            "which": "^1.2.9"
          }
        },
        "cubic2quad": {
          "version": "1.1.1",
          "resolved": false,
          "dev": true
        },
        "currently-unhandled": {
          "version": "0.4.1",
          "resolved": false,
          "dev": true,
          "requires": {
            "array-find-index": "^1.0.1"
          }
        },
        "dashdash": {
          "version": "1.14.1",
          "resolved": false,
          "dev": true,
          "requires": {
            "assert-plus": "^1.0.0"
          }
        },
        "debug": {
          "version": "4.1.0",
          "resolved": false,
          "requires": {
            "ms": "^2.1.1"
          }
        },
        "decamelize": {
          "version": "1.2.0",
          "resolved": false,
          "dev": true
        },
        "decamelize-keys": {
          "version": "1.1.0",
          "resolved": false,
          "dev": true,
          "requires": {
            "decamelize": "^1.1.0",
            "map-obj": "^1.0.0"
          },
          "dependencies": {
            "map-obj": {
              "version": "1.0.1",
              "resolved": false,
              "dev": true
            }
          }
        },
        "deep-extend": {
          "version": "0.6.0",
          "resolved": false,
          "dev": true
        },
        "deep-is": {
          "version": "0.1.3",
          "resolved": false
        },
        "delayed-stream": {
          "version": "1.0.0",
          "resolved": false,
          "dev": true
        },
        "delegates": {
          "version": "1.0.0",
          "resolved": false,
          "dev": true
        },
        "doctrine": {
          "version": "2.1.0",
          "resolved": false,
          "requires": {
            "esutils": "^2.0.2"
          }
        },
        "ecc-jsbn": {
          "version": "0.1.2",
          "resolved": false,
          "dev": true,
          "requires": {
            "jsbn": "~0.1.0",
            "safer-buffer": "^2.1.0"
          }
        },
        "error-ex": {
          "version": "1.3.2",
          "resolved": false,
          "dev": true,
          "requires": {
            "is-arrayish": "^0.2.1"
          }
        },
        "escape-string-regexp": {
          "version": "1.0.5",
          "resolved": false
        },
        "eslint": {
          "version": "5.9.0",
          "resolved": false,
          "requires": {
            "@babel/code-frame": "^7.0.0",
            "ajv": "^6.5.3",
            "chalk": "^2.1.0",
            "cross-spawn": "^6.0.5",
            "debug": "^4.0.1",
            "doctrine": "^2.1.0",
            "eslint-scope": "^4.0.0",
            "eslint-utils": "^1.3.1",
            "eslint-visitor-keys": "^1.0.0",
            "espree": "^4.0.0",
            "esquery": "^1.0.1",
            "esutils": "^2.0.2",
            "file-entry-cache": "^2.0.0",
            "functional-red-black-tree": "^1.0.1",
            "glob": "^7.1.2",
            "globals": "^11.7.0",
            "ignore": "^4.0.6",
            "imurmurhash": "^0.1.4",
            "inquirer": "^6.1.0",
            "is-resolvable": "^1.1.0",
            "js-yaml": "^3.12.0",
            "json-stable-stringify-without-jsonify": "^1.0.1",
            "levn": "^0.3.0",
            "lodash": "^4.17.5",
            "minimatch": "^3.0.4",
            "mkdirp": "^0.5.1",
            "natural-compare": "^1.4.0",
            "optionator": "^0.8.2",
            "path-is-inside": "^1.0.2",
            "pluralize": "^7.0.0",
            "progress": "^2.0.0",
            "regexpp": "^2.0.1",
            "require-uncached": "^1.0.3",
            "semver": "^5.5.1",
            "strip-ansi": "^4.0.0",
            "strip-json-comments": "^2.0.1",
            "table": "^5.0.2",
            "text-table": "^0.2.0"
          },
          "dependencies": {
            "ansi-regex": {
              "version": "3.0.0",
              "resolved": false
            },
            "strip-ansi": {
              "version": "4.0.0",
              "resolved": false,
              "requires": {
                "ansi-regex": "^3.0.0"
              }
            }
          }
        },
        "eslint-config-rowupper": {
          "version": "0.0.3",
          "resolved": false
        },
        "eslint-scope": {
          "version": "4.0.0",
          "resolved": false,
          "requires": {
            "esrecurse": "^4.1.0",
            "estraverse": "^4.1.1"
          }
        },
        "eslint-utils": {
          "version": "1.3.1",
          "resolved": false
        },
        "eslint-visitor-keys": {
          "version": "1.0.0",
          "resolved": false
        },
        "espree": {
          "version": "4.1.0",
          "resolved": false,
          "requires": {
            "acorn": "^6.0.2",
            "acorn-jsx": "^5.0.0",
            "eslint-visitor-keys": "^1.0.0"
          }
        },
        "esprima": {
          "version": "4.0.1",
          "resolved": false
        },
        "esquery": {
          "version": "1.0.1",
          "resolved": false,
          "requires": {
            "estraverse": "^4.0.0"
          }
        },
        "esrecurse": {
          "version": "4.2.1",
          "resolved": false,
          "requires": {
            "estraverse": "^4.1.0"
          }
        },
        "estraverse": {
          "version": "4.2.0",
          "resolved": false
        },
        "esutils": {
          "version": "2.0.2",
          "resolved": false
        },
        "extend": {
          "version": "3.0.2",
          "resolved": false,
          "dev": true
        },
        "external-editor": {
          "version": "3.0.3",
          "resolved": false,
          "requires": {
            "chardet": "^0.7.0",
            "iconv-lite": "^0.4.24",
            "tmp": "^0.0.33"
          }
        },
        "extsprintf": {
          "version": "1.3.0",
          "resolved": false,
          "dev": true
        },
        "fast-deep-equal": {
          "version": "2.0.1",
          "resolved": false
        },
        "fast-json-stable-stringify": {
          "version": "2.0.0",
          "resolved": false
        },
        "fast-levenshtein": {
          "version": "2.0.6",
          "resolved": false
        },
        "figures": {
          "version": "2.0.0",
          "resolved": false,
          "requires": {
            "escape-string-regexp": "^1.0.5"
          }
        },
        "file-entry-cache": {
          "version": "2.0.0",
          "resolved": false,
          "requires": {
            "flat-cache": "^1.2.1",
            "object-assign": "^4.0.1"
          }
        },
        "find-up": {
          "version": "2.1.0",
          "resolved": false,
          "dev": true,
          "requires": {
            "locate-path": "^2.0.0"
          }
        },
        "flat-cache": {
          "version": "1.3.4",
          "resolved": false,
          "requires": {
            "circular-json": "^0.3.1",
            "graceful-fs": "^4.1.2",
            "rimraf": "~2.6.2",
            "write": "^0.2.1"
          }
        },
        "forever-agent": {
          "version": "0.6.1",
          "resolved": false,
          "dev": true
        },
        "form-data": {
          "version": "2.3.3",
          "resolved": false,
          "dev": true,
          "requires": {
            "asynckit": "^0.4.0",
            "combined-stream": "^1.0.6",
            "mime-types": "^2.1.12"
          }
        },
        "fs-extra": {
          "version": "7.0.1",
          "resolved": false,
          "dev": true,
          "requires": {
            "graceful-fs": "^4.1.2",
            "jsonfile": "^4.0.0",
            "universalify": "^0.1.0"
          }
        },
        "fs.realpath": {
          "version": "1.0.0",
          "resolved": false
        },
        "fstream": {
          "version": "1.0.11",
          "resolved": false,
          "dev": true,
          "requires": {
            "graceful-fs": "^4.1.2",
            "inherits": "~2.0.0",
            "mkdirp": ">=0.5 0",
            "rimraf": "2"
          }
        },
        "functional-red-black-tree": {
          "version": "1.0.1",
          "resolved": false
        },
        "gauge": {
          "version": "2.7.4",
          "resolved": false,
          "dev": true,
          "requires": {
            "aproba": "^1.0.3",
            "console-control-strings": "^1.0.0",
            "has-unicode": "^2.0.0",
            "object-assign": "^4.1.0",
            "signal-exit": "^3.0.0",
            "string-width": "^1.0.1",
            "strip-ansi": "^3.0.1",
            "wide-align": "^1.1.0"
          }
        },
        "getpass": {
          "version": "0.1.7",
          "resolved": false,
          "dev": true,
          "requires": {
            "assert-plus": "^1.0.0"
          }
        },
        "glob": {
          "version": "7.1.3",
          "resolved": false,
          "requires": {
            "fs.realpath": "^1.0.0",
            "inflight": "^1.0.4",
            "inherits": "2",
            "minimatch": "^3.0.4",
            "once": "^1.3.0",
            "path-is-absolute": "^1.0.0"
          }
        },
        "globals": {
          "version": "11.9.0",
          "resolved": false
        },
        "graceful-fs": {
          "version": "4.1.15",
          "resolved": false
        },
        "handlebars": {
          "version": "4.0.12",
          "resolved": false,
          "dev": true,
          "requires": {
            "async": "^2.5.0",
            "optimist": "^0.6.1",
            "source-map": "^0.6.1",
            "uglify-js": "^3.1.4"
          }
        },
        "har-schema": {
          "version": "2.0.0",
          "resolved": false,
          "dev": true
        },
        "har-validator": {
          "version": "5.1.3",
          "resolved": false,
          "dev": true,
          "requires": {
            "ajv": "^6.5.5",
            "har-schema": "^2.0.0"
          }
        },
        "has-flag": {
          "version": "3.0.0",
          "resolved": false
        },
        "has-unicode": {
          "version": "2.0.1",
          "resolved": false,
          "dev": true
        },
        "hosted-git-info": {
          "version": "2.7.1",
          "resolved": false,
          "dev": true
        },
        "http-signature": {
          "version": "1.2.0",
          "resolved": false,
          "dev": true,
          "requires": {
            "assert-plus": "^1.0.0",
            "jsprim": "^1.2.2",
            "sshpk": "^1.7.0"
          }
        },
        "iconv-lite": {
          "version": "0.4.24",
          "resolved": false,
          "requires": {
            "safer-buffer": ">= 2.1.2 < 3"
          }
        },
        "ignore": {
          "version": "4.0.6",
          "resolved": false
        },
        "imurmurhash": {
          "version": "0.1.4",
          "resolved": false
        },
        "indent-string": {
          "version": "3.2.0",
          "resolved": false,
          "dev": true
        },
        "inflight": {
          "version": "1.0.6",
          "resolved": false,
          "requires": {
            "once": "^1.3.0",
            "wrappy": "1"
          }
        },
        "inherits": {
          "version": "2.0.3",
          "resolved": false
        },
        "ini": {
          "version": "1.3.5",
          "resolved": false,
          "dev": true
        },
        "inquirer": {
          "version": "6.2.0",
          "resolved": false,
          "requires": {
            "ansi-escapes": "^3.0.0",
            "chalk": "^2.0.0",
            "cli-cursor": "^2.1.0",
            "cli-width": "^2.0.0",
            "external-editor": "^3.0.0",
            "figures": "^2.0.0",
            "lodash": "^4.17.10",
            "mute-stream": "0.0.7",
            "run-async": "^2.2.0",
            "rxjs": "^6.1.0",
            "string-width": "^2.1.0",
            "strip-ansi": "^4.0.0",
            "through": "^2.3.6"
          },
          "dependencies": {
            "ansi-regex": {
              "version": "3.0.0",
              "resolved": false
            },
            "is-fullwidth-code-point": {
              "version": "2.0.0",
              "resolved": false
            },
            "string-width": {
              "version": "2.1.1",
              "resolved": false,
              "requires": {
                "is-fullwidth-code-point": "^2.0.0",
                "strip-ansi": "^4.0.0"
              }
            },
            "strip-ansi": {
              "version": "4.0.0",
              "resolved": false,
              "requires": {
                "ansi-regex": "^3.0.0"
              }
            }
          }
        },
        "is-arrayish": {
          "version": "0.2.1",
          "resolved": false,
          "dev": true
        },
        "is-builtin-module": {
          "version": "1.0.0",
          "resolved": false,
          "dev": true,
          "requires": {
            "builtin-modules": "^1.0.0"
          }
        },
        "is-fullwidth-code-point": {
          "version": "1.0.0",
          "resolved": false,
          "dev": true,
          "requires": {
            "number-is-nan": "^1.0.0"
          }
        },
        "is-plain-obj": {
          "version": "1.1.0",
          "resolved": false,
          "dev": true
        },
        "is-promise": {
          "version": "2.1.0",
          "resolved": false
        },
        "is-resolvable": {
          "version": "1.1.0",
          "resolved": false
        },
        "is-typedarray": {
          "version": "1.0.0",
          "resolved": false,
          "dev": true
        },
        "isarray": {
          "version": "0.0.1",
          "resolved": false,
          "dev": true
        },
        "isexe": {
          "version": "2.0.0",
          "resolved": false
        },
        "isstream": {
          "version": "0.1.2",
          "resolved": false,
          "dev": true
        },
        "js-tokens": {
          "version": "4.0.0",
          "resolved": false
        },
        "js-yaml": {
          "version": "3.12.0",
          "resolved": false,
          "requires": {
            "argparse": "^1.0.7",
            "esprima": "^4.0.0"
          }
        },
        "jsbn": {
          "version": "0.1.1",
          "resolved": false,
          "dev": true
        },
        "json-parse-better-errors": {
          "version": "1.0.2",
          "resolved": false,
          "dev": true
        },
        "json-schema": {
          "version": "0.2.3",
          "resolved": false,
          "dev": true
        },
        "json-schema-traverse": {
          "version": "0.4.1",
          "resolved": false
        },
        "json-stable-stringify-without-jsonify": {
          "version": "1.0.1",
          "resolved": false
        },
        "json-stringify-safe": {
          "version": "5.0.1",
          "resolved": false,
          "dev": true
        },
        "jsonfile": {
          "version": "4.0.0",
          "resolved": false,
          "dev": true,
          "requires": {
            "graceful-fs": "^4.1.6"
          }
        },
        "jsprim": {
          "version": "1.4.1",
          "resolved": false,
          "dev": true,
          "requires": {
            "assert-plus": "1.0.0",
            "extsprintf": "1.3.0",
            "json-schema": "0.2.3",
            "verror": "1.10.0"
          }
        },
        "levn": {
          "version": "0.3.0",
          "resolved": false,
          "requires": {
            "prelude-ls": "~1.1.2",
            "type-check": "~0.3.2"
          }
        },
        "load-json-file": {
          "version": "4.0.0",
          "resolved": false,
          "dev": true,
          "requires": {
            "graceful-fs": "^4.1.2",
            "parse-json": "^4.0.0",
            "pify": "^3.0.0",
            "strip-bom": "^3.0.0"
          },
          "dependencies": {
            "pify": {
              "version": "3.0.0",
              "resolved": false,
              "dev": true
            }
          }
        },
        "locate-path": {
          "version": "2.0.0",
          "resolved": false,
          "dev": true,
          "requires": {
            "p-locate": "^2.0.0",
            "path-exists": "^3.0.0"
          }
        },
        "lodash": {
          "version": "4.17.11",
          "resolved": false
        },
        "loud-rejection": {
          "version": "1.6.0",
          "resolved": false,
          "dev": true,
          "requires": {
            "currently-unhandled": "^0.4.1",
            "signal-exit": "^3.0.0"
          }
        },
        "map-obj": {
          "version": "2.0.0",
          "resolved": false,
          "dev": true
        },
        "meow": {
          "version": "5.0.0",
          "resolved": false,
          "dev": true,
          "requires": {
            "camelcase-keys": "^4.0.0",
            "decamelize-keys": "^1.0.0",
            "loud-rejection": "^1.0.0",
            "minimist-options": "^3.0.1",
            "normalize-package-data": "^2.3.4",
            "read-pkg-up": "^3.0.0",
            "redent": "^2.0.0",
            "trim-newlines": "^2.0.0",
            "yargs-parser": "^10.0.0"
          }
        },
        "microbuffer": {
          "version": "1.0.0",
          "resolved": false,
          "dev": true
        },
        "mime-db": {
          "version": "1.37.0",
          "resolved": false,
          "dev": true
        },
        "mime-types": {
          "version": "2.1.21",
          "resolved": false,
          "dev": true,
          "requires": {
            "mime-db": "~1.37.0"
          }
        },
        "mimic-fn": {
          "version": "1.2.0",
          "resolved": false
        },
        "minimatch": {
          "version": "3.0.4",
          "resolved": false,
          "requires": {
            "brace-expansion": "^1.1.7"
          }
        },
        "minimist": {
          "version": "1.2.0",
          "resolved": false,
          "dev": true
        },
        "minimist-options": {
          "version": "3.0.2",
          "resolved": false,
          "dev": true,
          "requires": {
            "arrify": "^1.0.1",
            "is-plain-obj": "^1.1.0"
          }
        },
        "mkdirp": {
          "version": "0.5.1",
          "resolved": false,
          "requires": {
            "minimist": "0.0.8"
          },
          "dependencies": {
            "minimist": {
              "version": "0.0.8",
              "resolved": false
            }
          }
        },
        "ms": {
          "version": "2.1.1",
          "resolved": false
        },
        "mute-stream": {
          "version": "0.0.7",
          "resolved": false
        },
        "nan": {
          "version": "2.11.1",
          "resolved": false,
          "dev": true
        },
        "natural-compare": {
          "version": "1.4.0",
          "resolved": false
        },
        "neatequal": {
          "version": "1.0.0",
          "resolved": false,
          "dev": true,
          "requires": {
            "varstream": "^0.3.2"
          }
        },
        "nice-try": {
          "version": "1.0.5",
          "resolved": false
        },
        "node-gyp": {
          "version": "3.8.0",
          "resolved": false,
          "dev": true,
          "requires": {
            "fstream": "^1.0.0",
            "glob": "^7.0.3",
            "graceful-fs": "^4.1.2",
            "mkdirp": "^0.5.0",
            "nopt": "2 || 3",
            "npmlog": "0 || 1 || 2 || 3 || 4",
            "osenv": "0",
            "request": "^2.87.0",
            "rimraf": "2",
            "semver": "~5.3.0",
            "tar": "^2.0.0",
            "which": "1"
          },
          "dependencies": {
            "semver": {
              "version": "5.3.0",
              "resolved": false,
              "dev": true
            }
          }
        },
        "nopt": {
          "version": "3.0.6",
          "resolved": false,
          "dev": true,
          "requires": {
            "abbrev": "1"
          }
        },
        "normalize-package-data": {
          "version": "2.4.0",
          "resolved": false,
          "dev": true,
          "requires": {
            "hosted-git-info": "^2.1.4",
            "is-builtin-module": "^1.0.0",
            "semver": "2 || 3 || 4 || 5",
            "validate-npm-package-license": "^3.0.1"
          }
        },
        "npmlog": {
          "version": "4.1.2",
          "resolved": false,
          "dev": true,
          "requires": {
            "are-we-there-yet": "~1.1.2",
            "console-control-strings": "~1.1.0",
            "gauge": "~2.7.3",
            "set-blocking": "~2.0.0"
          }
        },
        "number-is-nan": {
          "version": "1.0.1",
          "resolved": false,
          "dev": true
        },
        "oauth-sign": {
          "version": "0.9.0",
          "resolved": false,
          "dev": true
        },
        "object-assign": {
          "version": "4.1.1",
          "resolved": false
        },
        "once": {
          "version": "1.4.0",
          "resolved": false,
          "requires": {
            "wrappy": "1"
          }
        },
        "onetime": {
          "version": "2.0.1",
          "resolved": false,
          "requires": {
            "mimic-fn": "^1.0.0"
          }
        },
        "optimist": {
          "version": "0.6.1",
          "resolved": false,
          "dev": true,
          "requires": {
            "minimist": "~0.0.1",
            "wordwrap": "~0.0.2"
          },
          "dependencies": {
            "minimist": {
              "version": "0.0.10",
              "resolved": false,
              "dev": true
            }
          }
        },
        "optionator": {
          "version": "0.8.2",
          "resolved": false,
          "requires": {
            "deep-is": "~0.1.3",
            "fast-levenshtein": "~2.0.4",
            "levn": "~0.3.0",
            "prelude-ls": "~1.1.2",
            "type-check": "~0.3.2",
            "wordwrap": "~1.0.0"
          },
          "dependencies": {
            "wordwrap": {
              "version": "1.0.0",
              "resolved": false
            }
          }
        },
        "os-homedir": {
          "version": "1.0.2",
          "resolved": false,
          "dev": true
        },
        "os-tmpdir": {
          "version": "1.0.2",
          "resolved": false
        },
        "osenv": {
          "version": "0.1.5",
          "resolved": false,
          "dev": true,
          "requires": {
            "os-homedir": "^1.0.0",
            "os-tmpdir": "^1.0.0"
          }
        },
        "p-limit": {
          "version": "1.3.0",
          "resolved": false,
          "dev": true,
          "requires": {
            "p-try": "^1.0.0"
          }
        },
        "p-locate": {
          "version": "2.0.0",
          "resolved": false,
          "dev": true,
          "requires": {
            "p-limit": "^1.1.0"
          }
        },
        "p-try": {
          "version": "1.0.0",
          "resolved": false,
          "dev": true
        },
        "pako": {
          "version": "1.0.6",
          "resolved": false,
          "dev": true
        },
        "parse-json": {
          "version": "4.0.0",
          "resolved": false,
          "dev": true,
          "requires": {
            "error-ex": "^1.3.1",
            "json-parse-better-errors": "^1.0.1"
          }
        },
        "path-exists": {
          "version": "3.0.0",
          "resolved": false,
          "dev": true
        },
        "path-is-absolute": {
          "version": "1.0.1",
          "resolved": false
        },
        "path-is-inside": {
          "version": "1.0.2",
          "resolved": false
        },
        "path-key": {
          "version": "2.0.1",
          "resolved": false
        },
        "path-type": {
          "version": "3.0.0",
          "resolved": false,
          "dev": true,
          "requires": {
            "pify": "^3.0.0"
          },
          "dependencies": {
            "pify": {
              "version": "3.0.0",
              "resolved": false,
              "dev": true
            }
          }
        },
        "performance-now": {
          "version": "2.1.0",
          "resolved": false,
          "dev": true
        },
        "pify": {
          "version": "4.0.1",
          "resolved": false,
          "dev": true
        },
        "pluralize": {
          "version": "7.0.0",
          "resolved": false
        },
        "prelude-ls": {
          "version": "1.1.2",
          "resolved": false
        },
        "process-nextick-args": {
          "version": "2.0.0",
          "resolved": false,
          "dev": true
        },
        "progress": {
          "version": "2.0.1",
          "resolved": false
        },
        "psl": {
          "version": "1.1.29",
          "resolved": false,
          "dev": true
        },
        "punycode": {
          "version": "2.1.1",
          "resolved": false
        },
        "q": {
          "version": "1.5.1",
          "resolved": false,
          "dev": true
        },
        "qs": {
          "version": "6.5.2",
          "resolved": false,
          "dev": true
        },
        "quick-lru": {
          "version": "1.1.0",
          "resolved": false,
          "dev": true
        },
        "rc": {
          "version": "1.2.8",
          "resolved": false,
          "dev": true,
          "requires": {
            "deep-extend": "^0.6.0",
            "ini": "~1.3.0",
            "minimist": "^1.2.0",
            "strip-json-comments": "~2.0.1"
          }
        },
        "read-pkg": {
          "version": "3.0.0",
          "resolved": false,
          "dev": true,
          "requires": {
            "load-json-file": "^4.0.0",
            "normalize-package-data": "^2.3.2",
            "path-type": "^3.0.0"
          }
        },
        "read-pkg-up": {
          "version": "3.0.0",
          "resolved": false,
          "dev": true,
          "requires": {
            "find-up": "^2.0.0",
            "read-pkg": "^3.0.0"
          }
        },
        "readable-stream": {
          "version": "2.3.6",
          "resolved": false,
          "dev": true,
          "requires": {
            "core-util-is": "~1.0.0",
            "inherits": "~2.0.3",
            "isarray": "~1.0.0",
            "process-nextick-args": "~2.0.0",
            "safe-buffer": "~5.1.1",
            "string_decoder": "~1.1.1",
            "util-deprecate": "~1.0.1"
          },
          "dependencies": {
            "isarray": {
              "version": "1.0.0",
              "resolved": false,
              "dev": true
            },
            "string_decoder": {
              "version": "1.1.1",
              "resolved": false,
              "dev": true,
              "requires": {
                "safe-buffer": "~5.1.0"
              }
            }
          }
        },
        "redent": {
          "version": "2.0.0",
          "resolved": false,
          "dev": true,
          "requires": {
            "indent-string": "^3.0.0",
            "strip-indent": "^2.0.0"
          }
        },
        "regexpp": {
          "version": "2.0.1",
          "resolved": false
        },
        "request": {
          "version": "2.88.0",
          "resolved": false,
          "dev": true,
          "requires": {
            "aws-sign2": "~0.7.0",
            "aws4": "^1.8.0",
            "caseless": "~0.12.0",
            "combined-stream": "~1.0.6",
            "extend": "~3.0.2",
            "forever-agent": "~0.6.1",
            "form-data": "~2.3.2",
            "har-validator": "~5.1.0",
            "http-signature": "~1.2.0",
            "is-typedarray": "~1.0.0",
            "isstream": "~0.1.2",
            "json-stringify-safe": "~5.0.1",
            "mime-types": "~2.1.19",
            "oauth-sign": "~0.9.0",
            "performance-now": "^2.1.0",
            "qs": "~6.5.2",
            "safe-buffer": "^5.1.2",
            "tough-cookie": "~2.4.3",
            "tunnel-agent": "^0.6.0",
            "uuid": "^3.3.2"
          }
        },
        "require-uncached": {
          "version": "1.0.3",
          "resolved": false,
          "requires": {
            "caller-path": "^0.1.0",
            "resolve-from": "^1.0.0"
          }
        },
        "resolve-from": {
          "version": "1.0.1",
          "resolved": false
        },
        "restore-cursor": {
          "version": "2.0.0",
          "resolved": false,
          "requires": {
            "onetime": "^2.0.0",
            "signal-exit": "^3.0.2"
          }
        },
        "rimraf": {
          "version": "2.6.2",
          "resolved": false,
          "requires": {
            "glob": "^7.0.5"
          }
        },
        "run-async": {
          "version": "2.3.0",
          "resolved": false,
          "requires": {
            "is-promise": "^2.1.0"
          }
        },
        "rxjs": {
          "version": "6.3.3",
          "resolved": false,
          "requires": {
            "tslib": "^1.9.0"
          }
        },
        "safe-buffer": {
          "version": "5.1.2",
          "resolved": false,
          "dev": true
        },
        "safer-buffer": {
          "version": "2.1.2",
          "resolved": false
        },
        "sax": {
          "version": "1.2.4",
          "resolved": false,
          "dev": true
        },
        "semver": {
          "version": "5.6.0",
          "resolved": false
        },
        "set-blocking": {
          "version": "2.0.0",
          "resolved": false,
          "dev": true
        },
        "shebang-command": {
          "version": "1.2.0",
          "resolved": false,
          "requires": {
            "shebang-regex": "^1.0.0"
          }
        },
        "shebang-regex": {
          "version": "1.0.0",
          "resolved": false
        },
        "signal-exit": {
          "version": "3.0.2",
          "resolved": false
        },
        "slice-ansi": {
          "version": "1.0.0",
          "resolved": false,
          "requires": {
            "is-fullwidth-code-point": "^2.0.0"
          },
          "dependencies": {
            "is-fullwidth-code-point": {
              "version": "2.0.0",
              "resolved": false
            }
          }
        },
        "source-map": {
          "version": "0.6.1",
          "resolved": false,
          "dev": true
        },
        "spdx-correct": {
          "version": "3.0.2",
          "resolved": false,
          "dev": true,
          "requires": {
            "spdx-expression-parse": "^3.0.0",
            "spdx-license-ids": "^3.0.0"
          }
        },
        "spdx-exceptions": {
          "version": "2.2.0",
          "resolved": false,
          "dev": true
        },
        "spdx-expression-parse": {
          "version": "3.0.0",
          "resolved": false,
          "dev": true,
          "requires": {
            "spdx-exceptions": "^2.1.0",
            "spdx-license-ids": "^3.0.0"
          }
        },
        "spdx-license-ids": {
          "version": "3.0.2",
          "resolved": false,
          "dev": true
        },
        "sprintf-js": {
          "version": "1.0.3",
          "resolved": false
        },
        "sshpk": {
          "version": "1.15.2",
          "resolved": false,
          "dev": true,
          "requires": {
            "asn1": "~0.2.3",
            "assert-plus": "^1.0.0",
            "bcrypt-pbkdf": "^1.0.0",
            "dashdash": "^1.12.0",
            "ecc-jsbn": "~0.1.1",
            "getpass": "^0.1.1",
            "jsbn": "~0.1.0",
            "safer-buffer": "^2.0.2",
            "tweetnacl": "~0.14.0"
          }
        },
        "string-width": {
          "version": "1.0.2",
          "resolved": false,
          "dev": true,
          "requires": {
            "code-point-at": "^1.0.0",
            "is-fullwidth-code-point": "^1.0.0",
            "strip-ansi": "^3.0.0"
          }
        },
        "string.fromcodepoint": {
          "version": "0.2.1",
          "resolved": false,
          "dev": true
        },
        "string.prototype.codepointat": {
          "version": "0.2.1",
          "resolved": false,
          "dev": true
        },
        "string_decoder": {
          "version": "0.10.31",
          "resolved": false,
          "dev": true
        },
        "strip-ansi": {
          "version": "3.0.1",
          "resolved": false,
          "dev": true,
          "requires": {
            "ansi-regex": "^2.0.0"
          }
        },
        "strip-bom": {
          "version": "3.0.0",
          "resolved": false,
          "dev": true
        },
        "strip-indent": {
          "version": "2.0.0",
          "resolved": false,
          "dev": true
        },
        "strip-json-comments": {
          "version": "2.0.1",
          "resolved": false
        },
        "supports-color": {
          "version": "5.5.0",
          "resolved": false,
          "requires": {
            "has-flag": "^3.0.0"
          }
        },
        "svg-pathdata": {
          "version": "1.0.4",
          "resolved": false,
          "dev": true,
          "requires": {
            "readable-stream": "~2.0.4"
          },
          "dependencies": {
            "isarray": {
              "version": "1.0.0",
              "resolved": false,
              "dev": true
            },
            "process-nextick-args": {
              "version": "1.0.7",
              "resolved": false,
              "dev": true
            },
            "readable-stream": {
              "version": "2.0.6",
              "resolved": false,
              "dev": true,
              "requires": {
                "core-util-is": "~1.0.0",
                "inherits": "~2.0.1",
                "isarray": "~1.0.0",
                "process-nextick-args": "~1.0.6",
                "string_decoder": "~0.10.x",
                "util-deprecate": "~1.0.1"
              }
            }
          }
        },
        "svg2ttf": {
          "version": "4.1.0",
          "resolved": false,
          "dev": true,
          "requires": {
            "argparse": "^1.0.6",
            "cubic2quad": "^1.0.0",
            "lodash": "^4.6.1",
            "microbuffer": "^1.0.0",
            "svgpath": "^2.1.5",
            "xmldom": "~0.1.22"
          }
        },
        "svgicons2svgfont": {
          "version": "5.0.2",
          "resolved": false,
          "dev": true,
          "requires": {
            "commander": "^2.9.0",
            "neatequal": "^1.0.0",
            "readable-stream": "^2.0.4",
            "sax": "^1.1.5",
            "string.fromcodepoint": "^0.2.1",
            "string.prototype.codepointat": "^0.2.0",
            "svg-pathdata": "^1.0.4"
          }
        },
        "svgpath": {
          "version": "2.2.1",
          "resolved": false,
          "dev": true
        },
        "table": {
          "version": "5.1.0",
          "resolved": false,
          "requires": {
            "ajv": "^6.5.3",
            "lodash": "^4.17.10",
            "slice-ansi": "1.0.0",
            "string-width": "^2.1.1"
          },
          "dependencies": {
            "ansi-regex": {
              "version": "3.0.0",
              "resolved": false
            },
            "is-fullwidth-code-point": {
              "version": "2.0.0",
              "resolved": false
            },
            "string-width": {
              "version": "2.1.1",
              "resolved": false,
              "requires": {
                "is-fullwidth-code-point": "^2.0.0",
                "strip-ansi": "^4.0.0"
              }
            },
            "strip-ansi": {
              "version": "4.0.0",
              "resolved": false,
              "requires": {
                "ansi-regex": "^3.0.0"
              }
            }
          }
        },
        "tar": {
          "version": "2.2.1",
          "resolved": false,
          "dev": true,
          "requires": {
            "block-stream": "*",
            "fstream": "^1.0.2",
            "inherits": "2"
          }
        },
        "text-table": {
          "version": "0.2.0",
          "resolved": false
        },
        "through": {
          "version": "2.3.8",
          "resolved": false
        },
        "tmp": {
          "version": "0.0.33",
          "resolved": false,
          "requires": {
            "os-tmpdir": "~1.0.2"
          }
        },
        "tough-cookie": {
          "version": "2.4.3",
          "resolved": false,
          "dev": true,
          "requires": {
            "psl": "^1.1.24",
            "punycode": "^1.4.1"
          },
          "dependencies": {
            "punycode": {
              "version": "1.4.1",
              "resolved": false,
              "dev": true
            }
          }
        },
        "trim-newlines": {
          "version": "2.0.0",
          "resolved": false,
          "dev": true
        },
        "tslib": {
          "version": "1.9.3",
          "resolved": false
        },
        "ttf2eot": {
          "version": "2.0.0",
          "resolved": false,
          "dev": true,
          "requires": {
            "argparse": "^1.0.6",
            "microbuffer": "^1.0.0"
          }
        },
        "ttf2woff": {
          "version": "2.0.1",
          "resolved": false,
          "dev": true,
          "requires": {
            "argparse": "^1.0.6",
            "microbuffer": "^1.0.0",
            "pako": "^1.0.0"
          }
        },
        "ttf2woff2": {
          "version": "2.0.3",
          "resolved": false,
          "dev": true,
          "requires": {
            "bindings": "^1.2.1",
            "bufferstreams": "^1.1.0",
            "nan": "^2.1.0",
            "node-gyp": "^3.0.3"
          }
        },
        "tunnel-agent": {
          "version": "0.6.0",
          "resolved": false,
          "dev": true,
          "requires": {
            "safe-buffer": "^5.0.1"
          }
        },
        "tweetnacl": {
          "version": "0.14.5",
          "resolved": false,
          "dev": true
        },
        "type-check": {
          "version": "0.3.2",
          "resolved": false,
          "requires": {
            "prelude-ls": "~1.1.2"
          }
        },
        "uglify-js": {
          "version": "3.4.9",
          "resolved": false,
          "dev": true,
          "optional": true,
          "requires": {
            "commander": "~2.17.1",
            "source-map": "~0.6.1"
          }
        },
        "underscore": {
          "version": "1.9.1",
          "resolved": false,
          "dev": true
        },
        "universalify": {
          "version": "0.1.2",
          "resolved": false,
          "dev": true
        },
        "uri-js": {
          "version": "4.2.2",
          "resolved": false,
          "requires": {
            "punycode": "^2.1.0"
          }
        },
        "url-join": {
          "version": "1.1.0",
          "resolved": false,
          "dev": true
        },
        "util-deprecate": {
          "version": "1.0.2",
          "resolved": false,
          "dev": true
        },
        "uuid": {
          "version": "3.3.2",
          "resolved": false,
          "dev": true
        },
        "validate-npm-package-license": {
          "version": "3.0.4",
          "resolved": false,
          "dev": true,
          "requires": {
            "spdx-correct": "^3.0.0",
            "spdx-expression-parse": "^3.0.0"
          }
        },
        "varstream": {
          "version": "0.3.2",
          "resolved": false,
          "dev": true,
          "requires": {
            "readable-stream": "^1.0.33"
          },
          "dependencies": {
            "readable-stream": {
              "version": "1.1.14",
              "resolved": false,
              "dev": true,
              "requires": {
                "core-util-is": "~1.0.0",
                "inherits": "~2.0.1",
                "isarray": "0.0.1",
                "string_decoder": "~0.10.x"
              }
            }
          }
        },
        "verror": {
          "version": "1.10.0",
          "resolved": false,
          "dev": true,
          "requires": {
            "assert-plus": "^1.0.0",
            "core-util-is": "1.0.2",
            "extsprintf": "^1.2.0"
          }
        },
        "webfonts-generator": {
          "version": "0.4.0",
          "resolved": false,
          "dev": true,
          "requires": {
            "handlebars": "^4.0.5",
            "mkdirp": "^0.5.0",
            "q": "^1.1.2",
            "svg2ttf": "^4.0.0",
            "svgicons2svgfont": "^5.0.0",
            "ttf2eot": "^2.0.0",
            "ttf2woff": "^2.0.1",
            "ttf2woff2": "^2.0.3",
            "underscore": "^1.7.0",
            "url-join": "^1.1.0"
          }
        },
        "which": {
          "version": "1.3.1",
          "resolved": false,
          "requires": {
            "isexe": "^2.0.0"
          }
        },
        "wide-align": {
          "version": "1.1.3",
          "resolved": false,
          "dev": true,
          "requires": {
            "string-width": "^1.0.2 || 2"
          }
        },
        "wordwrap": {
          "version": "0.0.3",
          "resolved": false,
          "dev": true
        },
        "wrappy": {
          "version": "1.0.2",
          "resolved": false
        },
        "write": {
          "version": "0.2.1",
          "resolved": false,
          "requires": {
            "mkdirp": "^0.5.1"
          }
        },
        "xmldom": {
          "version": "0.1.27",
          "resolved": false,
          "dev": true
        },
        "yargs-parser": {
          "version": "10.1.0",
          "resolved": false,
          "dev": true,
          "requires": {
            "camelcase": "^4.1.0"
          }
        }
      }
    }
  }
}
